<?xml version="1.0" encoding="utf-8"?>
<Project ToolsVersion="4.0" xmlns="http://schemas.microsoft.com/developer/msbuild/2003">
  <ItemGroup>
    <Filter Include="99. Define">
      <UniqueIdentifier>{94448b76-80d0-4942-8a81-b3c0fb0a14bf}</UniqueIdentifier>
    </Filter>
    <Filter Include="00. MainApp">
      <UniqueIdentifier>{a6f235dc-978e-4fb9-a83e-8024b0e54f0d}</UniqueIdentifier>
    </Filter>
    <Filter Include="98. Default">
      <UniqueIdentifier>{d9be1b8d-ad89-4424-a731-b6ac742e6ad2}</UniqueIdentifier>
    </Filter>
    <Filter Include="01. Level">
      <UniqueIdentifier>{9839ba21-a42b-4389-8dc3-a2ef2a8877cd}</UniqueIdentifier>
    </Filter>
    <Filter Include="01. Level\99. Loading">
      <UniqueIdentifier>{5e620f48-9fc8-4fe1-bc17-d4d06f45d5ff}</UniqueIdentifier>
    </Filter>
    <Filter Include="01. Level\99. Loading\Loader">
      <UniqueIdentifier>{8079db18-0aef-4bd2-a93d-a6c0f46b68c1}</UniqueIdentifier>
    </Filter>
    <Filter Include="97. ShaderFile">
      <UniqueIdentifier>{9d4008ed-1b3d-4abd-beca-3a3e09aad5e9}</UniqueIdentifier>
    </Filter>
    <Filter Include="02. GameObject">
      <UniqueIdentifier>{bb09c607-93d2-4000-bdf3-f35ba811aa14}</UniqueIdentifier>
    </Filter>
    <Filter Include="96. IMGUI">
      <UniqueIdentifier>{860ca35a-3ba1-4d4c-8a4f-7008b552ca18}</UniqueIdentifier>
    </Filter>
    <Filter Include="96. IMGUI\Manager">
      <UniqueIdentifier>{feece6a9-c5bf-4ae9-afe1-2478a7a0ce0f}</UniqueIdentifier>
    </Filter>
    <Filter Include="96. IMGUI\Default">
      <UniqueIdentifier>{f5c8484d-f4c9-4839-8997-55f9831bd4d2}</UniqueIdentifier>
    </Filter>
    <Filter Include="02. GameObject\00. Logo">
      <UniqueIdentifier>{1cb17d2a-9baf-4319-bf4f-b9f1646960eb}</UniqueIdentifier>
    </Filter>
    <Filter Include="02. GameObject\01. GamePlay">
      <UniqueIdentifier>{844e8e34-f120-4bd1-937a-869418031117}</UniqueIdentifier>
    </Filter>
    <Filter Include="02. GameObject\00. Logo\99. BackGround">
      <UniqueIdentifier>{163fea8e-bd66-4375-9625-d26c58650695}</UniqueIdentifier>
    </Filter>
    <Filter Include="01. Level\98. Tool">
      <UniqueIdentifier>{cadf2af0-0b35-4091-b211-2d178ae27aa7}</UniqueIdentifier>
    </Filter>
    <Filter Include="96. IMGUI\Base">
      <UniqueIdentifier>{96e70ba4-5b58-4f52-878d-d11e742cdb72}</UniqueIdentifier>
    </Filter>
    <Filter Include="96. IMGUI\00. ImGui_Tool">
      <UniqueIdentifier>{a8974dfe-f394-43d7-ac13-a5f83c1f2cf6}</UniqueIdentifier>
    </Filter>
    <Filter Include="96. IMGUI\01. ImGui_GamePlay">
      <UniqueIdentifier>{6d7753a0-b717-4111-976a-1dac6ce5f55d}</UniqueIdentifier>
    </Filter>
    <Filter Include="02. GameObject\99. Tool">
      <UniqueIdentifier>{dc414e22-1a72-4f82-8eb6-4c954cf7f371}</UniqueIdentifier>
    </Filter>
    <Filter Include="02. GameObject\99. Tool\99. Camera">
      <UniqueIdentifier>{d2f468b2-f4b0-41de-945f-1284ce030a7f}</UniqueIdentifier>
    </Filter>
    <Filter Include="02. GameObject\99. Tool\00. Terrain">
      <UniqueIdentifier>{b6923e3d-1e14-4c77-85f6-c0be4029cac1}</UniqueIdentifier>
    </Filter>
    <Filter Include="01. Level\01. Logo">
      <UniqueIdentifier>{a4d92cd7-66f6-458a-81d1-88f5152aa687}</UniqueIdentifier>
    </Filter>
    <Filter Include="01. Level\02. GamePlay">
      <UniqueIdentifier>{fab423ab-56b6-4394-8d89-5b6d6aefc65e}</UniqueIdentifier>
    </Filter>
    <Filter Include="01. Level\00. Zero">
      <UniqueIdentifier>{4f34f59d-2a46-4ba1-ada7-a8da7092109f}</UniqueIdentifier>
    </Filter>
    <Filter Include="02. GameObject\01. GamePlay\01. ActorObject">
      <UniqueIdentifier>{e05497c4-b118-49e0-9425-c35ab40c444f}</UniqueIdentifier>
    </Filter>
    <Filter Include="02. GameObject\01. GamePlay\02. EquipObject">
      <UniqueIdentifier>{69f77692-08d7-4894-b133-ccfc0caded5b}</UniqueIdentifier>
    </Filter>
    <Filter Include="02. GameObject\01. GamePlay\03. PlaceableObject">
      <UniqueIdentifier>{3cce9b32-0226-4dee-bd2e-94f34993f7aa}</UniqueIdentifier>
    </Filter>
    <Filter Include="02. GameObject\01. GamePlay\01. ActorObject\00. Player">
      <UniqueIdentifier>{0a8bb210-b1c9-4183-8de3-dc2cbb5cfa6c}</UniqueIdentifier>
    </Filter>
    <Filter Include="02. GameObject\01. GamePlay\01. ActorObject\00. Player\00. Parts">
      <UniqueIdentifier>{dbeb029a-4cff-4d3b-9165-53f9fcb46b6f}</UniqueIdentifier>
    </Filter>
    <Filter Include="02. GameObject\01. GamePlay\03. PlaceableObject\04. Building">
      <UniqueIdentifier>{610b7e19-d7e7-4cb6-bbef-1f676ea6027f}</UniqueIdentifier>
    </Filter>
    <Filter Include="02. GameObject\01. GamePlay\03. PlaceableObject\05. StoneWork">
      <UniqueIdentifier>{a12bbec8-e07a-47e2-aee8-4f7e89f5a785}</UniqueIdentifier>
    </Filter>
    <Filter Include="02. GameObject\01. GamePlay\03. PlaceableObject\03. SkyrimTerrain">
      <UniqueIdentifier>{cd088392-98f1-43ef-a656-c7d86e2f3e04}</UniqueIdentifier>
    </Filter>
    <Filter Include="02. GameObject\01. GamePlay\99. BasicObject">
      <UniqueIdentifier>{f32ab3bd-76b2-44b0-bb2d-c8a998fb5442}</UniqueIdentifier>
    </Filter>
    <Filter Include="02. GameObject\01. GamePlay\99. BasicObject\99. Camera">
      <UniqueIdentifier>{b7ddeb8a-dbcb-455f-891b-01d267bf7602}</UniqueIdentifier>
    </Filter>
    <Filter Include="02. GameObject\01. GamePlay\99. BasicObject\01. Terrain">
      <UniqueIdentifier>{7bf92707-2698-41c0-9dc1-b6dcf5c16dc4}</UniqueIdentifier>
    </Filter>
    <Filter Include="02. GameObject\01. GamePlay\01. ActorObject\00. Player\00. Parts\01. Hair">
      <UniqueIdentifier>{e27bce27-ebe4-4b44-a9dd-c3cff8afd00e}</UniqueIdentifier>
    </Filter>
    <Filter Include="02. GameObject\01. GamePlay\01. ActorObject\00. Player\00. Parts\02. Eye">
      <UniqueIdentifier>{28318074-4b97-447d-aa1f-c99cce758d4f}</UniqueIdentifier>
    </Filter>
    <Filter Include="02. GameObject\01. GamePlay\01. ActorObject\00. Player\00. Parts\00. Body">
      <UniqueIdentifier>{465bf45a-a35c-41d0-a2b9-15d9b2b435ea}</UniqueIdentifier>
    </Filter>
    <Filter Include="02. GameObject\01. GamePlay\02. EquipObject\00. Weapon">
      <UniqueIdentifier>{539ab7e2-78f3-4b0f-92bd-06e1ab3b2682}</UniqueIdentifier>
    </Filter>
    <Filter Include="02. GameObject\01. GamePlay\02. EquipObject\00. Weapon\00. 1Hand">
      <UniqueIdentifier>{a4c202a1-9702-4170-a455-18a476f017ed}</UniqueIdentifier>
    </Filter>
    <Filter Include="02. GameObject\01. GamePlay\02. EquipObject\00. Weapon\01. 2Hand">
      <UniqueIdentifier>{35f1594b-0b57-4186-a420-271c92bef39e}</UniqueIdentifier>
    </Filter>
    <Filter Include="02. GameObject\01. GamePlay\02. EquipObject\00. Weapon\02. Bow">
      <UniqueIdentifier>{f972224a-50b2-49f0-b5a7-8161d4111baa}</UniqueIdentifier>
    </Filter>
    <Filter Include="02. GameObject\01. GamePlay\02. EquipObject\01. Armor">
      <UniqueIdentifier>{56b94b33-6dae-4dfe-b9cb-c6527f07ec04}</UniqueIdentifier>
    </Filter>
    <Filter Include="03. State">
      <UniqueIdentifier>{21e9464d-c033-461e-8769-b62d75cdeab0}</UniqueIdentifier>
    </Filter>
    <Filter Include="03. State\00. Player">
      <UniqueIdentifier>{880a42da-72b5-47c7-a6af-506c2192dce0}</UniqueIdentifier>
    </Filter>
    <Filter Include="03. State\00. Player\00. Manager">
      <UniqueIdentifier>{06eaf114-36bf-4130-8a48-40b97d00f15f}</UniqueIdentifier>
    </Filter>
    <Filter Include="03. State\00. Player\01. State">
      <UniqueIdentifier>{1b95f1c1-3d67-4f8d-ac58-5a128ffb01d4}</UniqueIdentifier>
    </Filter>
    <Filter Include="02. GameObject\01. GamePlay\99. BasicObject\99. Camera\00. FreeCam">
      <UniqueIdentifier>{898e95c2-11b7-4a82-bcc6-0e23bdd10530}</UniqueIdentifier>
    </Filter>
    <Filter Include="02. GameObject\01. GamePlay\99. BasicObject\99. Camera\01. BattleCam">
      <UniqueIdentifier>{109653fc-ab4f-4b9b-a29c-5c9b523a5a97}</UniqueIdentifier>
    </Filter>
    <Filter Include="02. GameObject\01. GamePlay\99. BasicObject\99. Camera\02. 1stCam">
      <UniqueIdentifier>{a7bf27e7-1937-4711-bcc6-4168dd2e31d6}</UniqueIdentifier>
    </Filter>
    <Filter Include="02. GameObject\01. GamePlay\99. BasicObject\02. Sky">
      <UniqueIdentifier>{74d6e1ba-a77b-4e72-9fe7-bca7a2e01e79}</UniqueIdentifier>
    </Filter>
    <Filter Include="02. GameObject\01. GamePlay\99. BasicObject\03. Navigation">
      <UniqueIdentifier>{a49993d1-1957-4caf-aa91-896a908b54f2}</UniqueIdentifier>
    </Filter>
    <Filter Include="02. GameObject\01. GamePlay\04. ParticleObject">
      <UniqueIdentifier>{279fe604-6a99-42ea-803f-66cbbd9bc985}</UniqueIdentifier>
    </Filter>
    <Filter Include="02. GameObject\01. GamePlay\04. ParticleObject\00. Rect">
      <UniqueIdentifier>{48c8af1f-974b-48ff-9abe-6b1f41783822}</UniqueIdentifier>
    </Filter>
    <Filter Include="01. Level\02. GamePlay\00. WhiteRun">
      <UniqueIdentifier>{efa50097-be3c-40ad-9a3d-153eae3d6845}</UniqueIdentifier>
    </Filter>
    <Filter Include="01. Level\02. GamePlay\01. Castle">
      <UniqueIdentifier>{52f39095-2e5f-482b-a278-9d9d76466b18}</UniqueIdentifier>
    </Filter>
    <Filter Include="01. Level\02. GamePlay\02. Dungeon">
      <UniqueIdentifier>{b1986333-db61-46b3-9dc4-1dd2e0c73333}</UniqueIdentifier>
    </Filter>
    <Filter Include="02. GameObject\01. GamePlay\01. ActorObject\01. Monster">
      <UniqueIdentifier>{0a6712d3-c403-4236-bad9-8cef4d2ae4a7}</UniqueIdentifier>
    </Filter>
    <Filter Include="02. GameObject\01. GamePlay\01. ActorObject\01. Monster\00. Skeever">
      <UniqueIdentifier>{cedade6c-b557-4aed-abad-d5af8b27bfd0}</UniqueIdentifier>
    </Filter>
    <Filter Include="02. GameObject\01. GamePlay\01. ActorObject\01. Monster\01. Spider">
      <UniqueIdentifier>{46a230ec-b009-4c7d-865a-56a5f606157c}</UniqueIdentifier>
    </Filter>
    <Filter Include="03. State\01. Skeever">
      <UniqueIdentifier>{f2b5bf0e-8536-4169-b66d-5ca0b791672b}</UniqueIdentifier>
    </Filter>
    <Filter Include="03. State\01. Skeever\00. Manager">
      <UniqueIdentifier>{62873f54-c6d7-4627-ab35-fa68598a50af}</UniqueIdentifier>
    </Filter>
    <Filter Include="03. State\01. Skeever\01. State">
      <UniqueIdentifier>{3f26c167-6b8b-4420-8867-fa7e7e7d30d0}</UniqueIdentifier>
    </Filter>
    <Filter Include="03. State\01. Skeever\01. State\00. Idle">
      <UniqueIdentifier>{b922933d-8aa5-4f9c-8096-3ba35ae737c6}</UniqueIdentifier>
    </Filter>
    <Filter Include="04. UI">
      <UniqueIdentifier>{0f6f3551-972d-43f7-8d25-97c8dea42272}</UniqueIdentifier>
    </Filter>
    <Filter Include="04. UI\05. Inventory">
      <UniqueIdentifier>{322efd3e-e6d7-461a-9406-30da6355e17a}</UniqueIdentifier>
    </Filter>
    <Filter Include="03. State\00. Player\01. State\01. OneHand">
      <UniqueIdentifier>{a1d546b0-338d-49e7-8ffb-bd27e4f963bc}</UniqueIdentifier>
    </Filter>
    <Filter Include="03. State\00. Player\01. State\00. UnEquip">
      <UniqueIdentifier>{bd6ce564-6c4e-4e53-9bee-0fbb89a7711a}</UniqueIdentifier>
    </Filter>
    <Filter Include="03. State\00. Player\01. State\01. OneHand\03. Attack">
      <UniqueIdentifier>{518b22ee-4786-4ec1-a785-b5688630cea6}</UniqueIdentifier>
    </Filter>
    <Filter Include="03. State\00. Player\01. State\01. OneHand\03. Attack\00. LeftAttack">
      <UniqueIdentifier>{dc306d6d-bcc0-40ba-a335-8ad585204351}</UniqueIdentifier>
    </Filter>
    <Filter Include="03. State\00. Player\01. State\01. OneHand\03. Attack\01. RightAttack">
      <UniqueIdentifier>{d4ff8b7d-8855-409f-9f2d-d52e3157a02a}</UniqueIdentifier>
    </Filter>
    <Filter Include="03. State\00. Player\01. State\01. OneHand\03. Attack\02. PowerAttack">
      <UniqueIdentifier>{ea14efa6-8b5a-4dbe-a066-75a761b1a7c9}</UniqueIdentifier>
    </Filter>
    <Filter Include="03. State\00. Player\01. State\01. OneHand\03. Attack\03. RunPowerAttack">
      <UniqueIdentifier>{616fe159-34d9-4a5d-8dde-b60a2ece5f3b}</UniqueIdentifier>
    </Filter>
    <Filter Include="03. State\00. Player\01. State\01. OneHand\04. Equip">
      <UniqueIdentifier>{5ea3e558-6ee1-4016-9cca-70ac51c95b26}</UniqueIdentifier>
    </Filter>
    <Filter Include="03. State\00. Player\01. State\00. UnEquip\00. Idle">
      <UniqueIdentifier>{7c153b31-9691-4f19-bc4b-ed6ecfab1d49}</UniqueIdentifier>
    </Filter>
    <Filter Include="03. State\00. Player\01. State\00. UnEquip\01. Walk">
      <UniqueIdentifier>{f7aabcfa-2072-44da-97e1-79d02974f60a}</UniqueIdentifier>
    </Filter>
    <Filter Include="03. State\00. Player\01. State\00. UnEquip\02. Run">
      <UniqueIdentifier>{22e52fff-61ab-42d6-a33b-40aec04e138d}</UniqueIdentifier>
    </Filter>
    <Filter Include="03. State\00. Player\01. State\00. UnEquip\02. Run\02. Right">
      <UniqueIdentifier>{e60cc967-8479-4bfc-81c7-4e44f3be23d2}</UniqueIdentifier>
    </Filter>
    <Filter Include="03. State\00. Player\01. State\00. UnEquip\02. Run\01. Left">
      <UniqueIdentifier>{d2ea6df8-20b9-4284-a8e6-21cf072f63e5}</UniqueIdentifier>
    </Filter>
    <Filter Include="03. State\00. Player\01. State\00. UnEquip\02. Run\00. Foward">
      <UniqueIdentifier>{6e441908-ced5-4de3-abbc-bd1f4c91afa7}</UniqueIdentifier>
    </Filter>
    <Filter Include="03. State\00. Player\01. State\00. UnEquip\02. Run\03. Back">
      <UniqueIdentifier>{d505fd96-0ffe-4533-bef9-03a8bdefd4c2}</UniqueIdentifier>
    </Filter>
    <Filter Include="03. State\00. Player\01. State\01. OneHand\00. Idle">
      <UniqueIdentifier>{622a310a-2f64-429b-87f8-36ad48104385}</UniqueIdentifier>
    </Filter>
    <Filter Include="03. State\00. Player\01. State\01. OneHand\01. Walk">
      <UniqueIdentifier>{a41af0f8-ecce-4dae-b3e9-d870f6e09d20}</UniqueIdentifier>
    </Filter>
    <Filter Include="03. State\00. Player\01. State\01. OneHand\02. Run">
      <UniqueIdentifier>{abc80f6c-a4a4-4ff5-af61-41aeba1fbcc9}</UniqueIdentifier>
    </Filter>
    <Filter Include="03. State\00. Player\01. State\01. OneHand\02. Run\00. Foward">
      <UniqueIdentifier>{be68e44b-2694-4604-9aaa-ebf60ce05b0f}</UniqueIdentifier>
    </Filter>
    <Filter Include="03. State\00. Player\01. State\01. OneHand\02. Run\01. Left">
      <UniqueIdentifier>{6f52095e-2efd-4b41-ae39-83c98cb73171}</UniqueIdentifier>
    </Filter>
    <Filter Include="03. State\00. Player\01. State\01. OneHand\02. Run\02. Right">
      <UniqueIdentifier>{5e34561f-0ba5-434a-8a5a-a5ff7a2467d5}</UniqueIdentifier>
    </Filter>
    <Filter Include="03. State\00. Player\01. State\01. OneHand\02. Run\03. Back">
      <UniqueIdentifier>{fe04e746-05f9-4eef-905e-050115e63901}</UniqueIdentifier>
    </Filter>
    <Filter Include="02. GameObject\01. GamePlay\01. ActorObject\00. Player\00. Parts\03. Mouse">
      <UniqueIdentifier>{c7f1792c-498c-48fd-9b6b-18551a96abc6}</UniqueIdentifier>
    </Filter>
    <Filter Include="02. GameObject\01. GamePlay\01. ActorObject\00. Player\00. Parts\04. Particle">
      <UniqueIdentifier>{82361166-7c5c-4c0d-9fef-281fb24d2da7}</UniqueIdentifier>
    </Filter>
    <Filter Include="02. GameObject\01. GamePlay\01. ActorObject\00. Player\00. Parts\05. Weapon">
      <UniqueIdentifier>{ec712831-c2d5-43dc-be2f-91e14fe760af}</UniqueIdentifier>
    </Filter>
    <Filter Include="02. GameObject\01. GamePlay\01. ActorObject\00. Player\00. Parts\07. Boots">
      <UniqueIdentifier>{5800b655-e321-444f-93a9-c180831220bb}</UniqueIdentifier>
    </Filter>
    <Filter Include="02. GameObject\01. GamePlay\01. ActorObject\00. Player\00. Parts\08. Helmet">
      <UniqueIdentifier>{c9a5d62c-0e31-4270-a5d0-1b7a3118a8dc}</UniqueIdentifier>
    </Filter>
    <Filter Include="02. GameObject\01. GamePlay\01. ActorObject\00. Player\00. Parts\09. Gloves">
      <UniqueIdentifier>{0b12693f-a4ad-4aa0-a068-ca366dd8dac6}</UniqueIdentifier>
    </Filter>
    <Filter Include="02. GameObject\01. GamePlay\01. ActorObject\00. Player\00. Parts\06. Armor">
      <UniqueIdentifier>{6909f3c6-75c0-4001-a947-960d1f45997b}</UniqueIdentifier>
    </Filter>
    <Filter Include="02. GameObject\01. GamePlay\02. EquipObject\01. Armor\00. Armor">
      <UniqueIdentifier>{daa3cf22-d568-4858-8e2c-ec448c7f1614}</UniqueIdentifier>
    </Filter>
    <Filter Include="02. GameObject\01. GamePlay\02. EquipObject\01. Armor\01. Boots">
      <UniqueIdentifier>{5c473ff2-6cc8-4944-9a7e-3e78c5a76207}</UniqueIdentifier>
    </Filter>
    <Filter Include="02. GameObject\01. GamePlay\02. EquipObject\01. Armor\02. Helmet">
      <UniqueIdentifier>{8dab02aa-99f6-47b1-af29-d04e8c0f58f8}</UniqueIdentifier>
    </Filter>
    <Filter Include="02. GameObject\01. GamePlay\02. EquipObject\01. Armor\03. Gloves">
      <UniqueIdentifier>{22d48169-c373-4961-8c30-3e09a7e8ef47}</UniqueIdentifier>
    </Filter>
    <Filter Include="02. GameObject\01. GamePlay\02. EquipObject\01. Armor\00. Armor\00. Glass">
      <UniqueIdentifier>{fbcddc44-d96c-49aa-aa30-cbb59c0937d3}</UniqueIdentifier>
    </Filter>
    <Filter Include="02. GameObject\01. GamePlay\02. EquipObject\01. Armor\02. Helmet\00. Glass">
      <UniqueIdentifier>{85104bb0-dbf3-43fe-ab72-ca1191abb5b0}</UniqueIdentifier>
    </Filter>
    <Filter Include="02. GameObject\01. GamePlay\01. ActorObject\01. Monster\02. Falmer_UnEquip">
      <UniqueIdentifier>{fabeb582-8e47-4b5c-876b-525c5c38864d}</UniqueIdentifier>
    </Filter>
    <Filter Include="03. State\02. Falmer_UnEquip">
      <UniqueIdentifier>{c32af7a5-02cd-4bff-9da2-0c635b0b5171}</UniqueIdentifier>
    </Filter>
    <Filter Include="03. State\02. Falmer_UnEquip\00. Manager">
      <UniqueIdentifier>{5295ec82-195c-4838-9549-4bdcbb288f3d}</UniqueIdentifier>
    </Filter>
    <Filter Include="03. State\02. Falmer_UnEquip\01. State">
      <UniqueIdentifier>{e9b45858-7fcb-44c5-8cc7-ee2fcf5922c2}</UniqueIdentifier>
    </Filter>
    <Filter Include="03. State\02. Falmer_UnEquip\01. State\00. Idle">
      <UniqueIdentifier>{9adc651b-0246-459f-b169-80193e9144ae}</UniqueIdentifier>
    </Filter>
    <Filter Include="03. State\02. Falmer_UnEquip\01. State\00. Idle\00. Squat">
      <UniqueIdentifier>{3638efa6-9120-40d2-9ff1-683d0e2667c4}</UniqueIdentifier>
    </Filter>
    <Filter Include="03. State\02. Falmer_UnEquip\01. State\00. Idle\01. Squat_Out">
      <UniqueIdentifier>{71c11018-5e1f-4fc8-a8c9-38643b619101}</UniqueIdentifier>
    </Filter>
    <Filter Include="03. State\02. Falmer_UnEquip\01. State\01. Chase">
      <UniqueIdentifier>{6de33547-b6c4-4fc5-ab4f-350ca9d0afd1}</UniqueIdentifier>
    </Filter>
    <Filter Include="03. State\02. Falmer_UnEquip\01. State\02. Detection">
      <UniqueIdentifier>{899871be-fec2-4b91-add8-884b278092ff}</UniqueIdentifier>
    </Filter>
    <Filter Include="03. State\02. Falmer_UnEquip\01. State\03. Warning">
      <UniqueIdentifier>{362c7dda-63ac-4b56-a1c3-cd18fe581428}</UniqueIdentifier>
    </Filter>
    <Filter Include="03. State\02. Falmer_UnEquip\01. State\04. Return">
      <UniqueIdentifier>{ecac66c9-5133-4120-9c68-62027de8ec96}</UniqueIdentifier>
    </Filter>
    <Filter Include="03. State\02. Falmer_UnEquip\01. State\00. Idle\02. Squat_Intro">
      <UniqueIdentifier>{11f01c45-fb63-47bc-a740-d4dcb5edf9e0}</UniqueIdentifier>
    </Filter>
    <Filter Include="03. State\02. Falmer_UnEquip\01. State\05. Attack">
      <UniqueIdentifier>{bc766074-1caf-4893-a65c-127ec0297db5}</UniqueIdentifier>
    </Filter>
  </ItemGroup>
  <ItemGroup>
    <ClInclude Include="Client.h">
      <Filter>98. Default</Filter>
    </ClInclude>
    <ClInclude Include="framework.h">
      <Filter>98. Default</Filter>
    </ClInclude>
    <ClInclude Include="Resource.h">
      <Filter>98. Default</Filter>
    </ClInclude>
    <ClInclude Include="targetver.h">
      <Filter>98. Default</Filter>
    </ClInclude>
    <ClInclude Include="..\Public\MainApp.h">
      <Filter>00. MainApp</Filter>
    </ClInclude>
    <ClInclude Include="..\Public\Loader.h">
      <Filter>01. Level\99. Loading\Loader</Filter>
    </ClInclude>
    <ClInclude Include="..\Public\Level_Logo.h">
      <Filter>01. Level\01. Logo</Filter>
    </ClInclude>
    <ClInclude Include="..\Public\Level_Loading.h">
      <Filter>01. Level\99. Loading</Filter>
    </ClInclude>
    <ClInclude Include="..\Public\BackGround.h">
      <Filter>02. GameObject\00. Logo\99. BackGround</Filter>
    </ClInclude>
    <ClInclude Include="..\Public\IMGui_Manager.h">
      <Filter>96. IMGUI\Manager</Filter>
    </ClInclude>
    <ClInclude Include="..\IMGUI\imconfig.h">
      <Filter>96. IMGUI\Default</Filter>
    </ClInclude>
    <ClInclude Include="..\IMGUI\imgui.h">
      <Filter>96. IMGUI\Default</Filter>
    </ClInclude>
    <ClInclude Include="..\IMGUI\imgui_impl_dx11.h">
      <Filter>96. IMGUI\Default</Filter>
    </ClInclude>
    <ClInclude Include="..\IMGUI\imgui_impl_win32.h">
      <Filter>96. IMGUI\Default</Filter>
    </ClInclude>
    <ClInclude Include="..\IMGUI\imgui_internal.h">
      <Filter>96. IMGUI\Default</Filter>
    </ClInclude>
    <ClInclude Include="..\IMGUI\imstb_rectpack.h">
      <Filter>96. IMGUI\Default</Filter>
    </ClInclude>
    <ClInclude Include="..\IMGUI\imstb_textedit.h">
      <Filter>96. IMGUI\Default</Filter>
    </ClInclude>
    <ClInclude Include="..\IMGUI\imstb_truetype.h">
      <Filter>96. IMGUI\Default</Filter>
    </ClInclude>
    <ClInclude Include="..\Public\Terrain.h">
      <Filter>02. GameObject\01. GamePlay\99. BasicObject\01. Terrain</Filter>
    </ClInclude>
    <ClInclude Include="..\Public\CLevel_Tool.h">
      <Filter>01. Level\98. Tool</Filter>
    </ClInclude>
    <ClInclude Include="..\Public\ImGui_Base.h">
      <Filter>96. IMGUI\Base</Filter>
    </ClInclude>
    <ClInclude Include="..\Public\ImGui_Tool.h">
      <Filter>96. IMGUI\00. ImGui_Tool</Filter>
    </ClInclude>
    <ClInclude Include="..\Public\ImGui_GamePlay.h">
      <Filter>96. IMGUI\01. ImGui_GamePlay</Filter>
    </ClInclude>
    <ClInclude Include="..\Public\Terrain_Grid.h">
      <Filter>02. GameObject\99. Tool\00. Terrain</Filter>
    </ClInclude>
    <ClInclude Include="..\Public\Tool_Camera.h">
      <Filter>02. GameObject\99. Tool\99. Camera</Filter>
    </ClInclude>
    <ClInclude Include="..\Public\Player.h">
      <Filter>02. GameObject\01. GamePlay\01. ActorObject\00. Player</Filter>
    </ClInclude>
    <ClInclude Include="..\Public\SkyrimTerrain.h">
      <Filter>02. GameObject\01. GamePlay\03. PlaceableObject\03. SkyrimTerrain</Filter>
    </ClInclude>
    <ClInclude Include="..\Public\Building.h">
      <Filter>02. GameObject\01. GamePlay\03. PlaceableObject\04. Building</Filter>
    </ClInclude>
    <ClInclude Include="..\Public\StoneWork.h">
      <Filter>02. GameObject\01. GamePlay\03. PlaceableObject\05. StoneWork</Filter>
    </ClInclude>
    <ClInclude Include="..\Public\Level_Zero.h">
      <Filter>01. Level\00. Zero</Filter>
    </ClInclude>
    <ClInclude Include="..\Public\Player_Hair.h">
      <Filter>02. GameObject\01. GamePlay\01. ActorObject\00. Player\00. Parts\01. Hair</Filter>
    </ClInclude>
    <ClInclude Include="..\Public\Player_Body.h">
      <Filter>02. GameObject\01. GamePlay\01. ActorObject\00. Player\00. Parts\00. Body</Filter>
    </ClInclude>
    <ClInclude Include="..\Public\Weapon_IronSword.h">
      <Filter>02. GameObject\01. GamePlay\02. EquipObject\00. Weapon\00. 1Hand</Filter>
    </ClInclude>
    <ClInclude Include="..\Public\Part_Base.h">
      <Filter>02. GameObject\01. GamePlay\01. ActorObject\00. Player\00. Parts</Filter>
    </ClInclude>
    <ClInclude Include="..\Public\StateManager_Player.h">
      <Filter>03. State\00. Player\00. Manager</Filter>
    </ClInclude>
    <ClInclude Include="..\Public\StatePlayer_RunBackward.h">
      <Filter>03. State\00. Player\01. State\00. UnEquip\02. Run\03. Back</Filter>
    </ClInclude>
    <ClInclude Include="..\Public\StatePlayerOH_LAttack.h">
      <Filter>03. State\00. Player\01. State\01. OneHand\03. Attack\00. LeftAttack</Filter>
    </ClInclude>
    <ClInclude Include="..\Public\StatePlayerOH_PAttack.h">
      <Filter>03. State\00. Player\01. State\01. OneHand\03. Attack\02. PowerAttack</Filter>
    </ClInclude>
    <ClInclude Include="..\Public\StatePlayerOH_RAttack.h">
      <Filter>03. State\00. Player\01. State\01. OneHand\03. Attack\01. RightAttack</Filter>
    </ClInclude>
    <ClInclude Include="..\Public\StatePlayerOH_RunPAttack.h">
      <Filter>03. State\00. Player\01. State\01. OneHand\03. Attack\03. RunPowerAttack</Filter>
    </ClInclude>
    <ClInclude Include="..\Public\PlayerCamera_Free.h">
      <Filter>02. GameObject\01. GamePlay\99. BasicObject\99. Camera\00. FreeCam</Filter>
    </ClInclude>
    <ClInclude Include="..\Public\Sky.h">
      <Filter>02. GameObject\01. GamePlay\99. BasicObject\02. Sky</Filter>
    </ClInclude>
    <ClInclude Include="..\Public\Navigation_Client.h">
      <Filter>02. GameObject\01. GamePlay\99. BasicObject\03. Navigation</Filter>
    </ClInclude>
    <ClInclude Include="..\Public\ParticleRect.h">
      <Filter>02. GameObject\01. GamePlay\04. ParticleObject\00. Rect</Filter>
    </ClInclude>
    <ClInclude Include="..\Public\Level_WhiteRun.h">
      <Filter>01. Level\02. GamePlay\00. WhiteRun</Filter>
    </ClInclude>
    <ClInclude Include="..\Public\Level_Dungeon.h">
      <Filter>01. Level\02. GamePlay\02. Dungeon</Filter>
    </ClInclude>
    <ClInclude Include="..\Public\Monster.h">
      <Filter>02. GameObject\01. GamePlay\01. ActorObject\01. Monster</Filter>
    </ClInclude>
    <ClInclude Include="..\Public\Skeever.h">
      <Filter>02. GameObject\01. GamePlay\01. ActorObject\01. Monster\00. Skeever</Filter>
    </ClInclude>
    <ClInclude Include="..\Public\StateManager_Skeever.h">
      <Filter>03. State\01. Skeever\00. Manager</Filter>
    </ClInclude>
    <ClInclude Include="..\Public\StateSkeever_Idle.h">
      <Filter>03. State\01. Skeever\01. State\00. Idle</Filter>
    </ClInclude>
    <ClInclude Include="..\Public\StatePlayer_Idle.h">
      <Filter>03. State\00. Player\01. State\00. UnEquip\00. Idle</Filter>
    </ClInclude>
    <ClInclude Include="..\Public\StatePlayer_RunFoward.h">
      <Filter>03. State\00. Player\01. State\00. UnEquip\02. Run\00. Foward</Filter>
    </ClInclude>
    <ClInclude Include="..\Public\StatePlayer_RunLeft.h">
      <Filter>03. State\00. Player\01. State\00. UnEquip\02. Run\01. Left</Filter>
    </ClInclude>
    <ClInclude Include="..\Public\StatePlayer_RunRight.h">
      <Filter>03. State\00. Player\01. State\00. UnEquip\02. Run\02. Right</Filter>
    </ClInclude>
    <ClInclude Include="..\Public\Player_Weapon.h">
      <Filter>02. GameObject\01. GamePlay\01. ActorObject\00. Player\00. Parts\05. Weapon</Filter>
    </ClInclude>
    <ClInclude Include="..\Public\SkyrimWeapon.h">
      <Filter>02. GameObject\01. GamePlay\02. EquipObject\00. Weapon</Filter>
    </ClInclude>
    <ClInclude Include="..\Public\Inventory.h">
      <Filter>04. UI\05. Inventory</Filter>
    </ClInclude>
    <ClInclude Include="..\Public\SkyrimUI.h">
      <Filter>04. UI</Filter>
    </ClInclude>
    <ClInclude Include="..\Public\StatePlayerOH_UnEquip.h">
      <Filter>03. State\00. Player\01. State\01. OneHand\04. Equip</Filter>
    </ClInclude>
    <ClInclude Include="..\Public\StatePlayerOH_Equip.h">
      <Filter>03. State\00. Player\01. State\01. OneHand\04. Equip</Filter>
    </ClInclude>
    <ClInclude Include="..\Public\StatePlayerOH_Idle.h">
      <Filter>03. State\00. Player\01. State\01. OneHand\00. Idle</Filter>
    </ClInclude>
    <ClInclude Include="..\Public\StatePlayerOH_RunBackward.h">
      <Filter>03. State\00. Player\01. State\01. OneHand\02. Run\03. Back</Filter>
    </ClInclude>
    <ClInclude Include="..\Public\StatePlayerOH_RunFoward.h">
      <Filter>03. State\00. Player\01. State\01. OneHand\02. Run\00. Foward</Filter>
    </ClInclude>
    <ClInclude Include="..\Public\StatePlayerOH_RunLeft.h">
      <Filter>03. State\00. Player\01. State\01. OneHand\02. Run\01. Left</Filter>
    </ClInclude>
    <ClInclude Include="..\Public\StatePlayerOH_RunRight.h">
      <Filter>03. State\00. Player\01. State\01. OneHand\02. Run\02. Right</Filter>
    </ClInclude>
    <ClInclude Include="..\Public\Player_Armor.h">
      <Filter>02. GameObject\01. GamePlay\01. ActorObject\00. Player\00. Parts\06. Armor</Filter>
    </ClInclude>
    <ClInclude Include="..\Public\Client_Defines.h">
      <Filter>99. Define</Filter>
    </ClInclude>
    <ClInclude Include="..\Public\Armor_Glass.h">
      <Filter>02. GameObject\01. GamePlay\02. EquipObject\01. Armor\00. Armor\00. Glass</Filter>
    </ClInclude>
    <ClInclude Include="..\Public\SkyrimArmor.h">
      <Filter>02. GameObject\01. GamePlay\02. EquipObject\01. Armor\00. Armor</Filter>
    </ClInclude>
    <ClInclude Include="..\Public\Player_Helmet.h">
      <Filter>02. GameObject\01. GamePlay\01. ActorObject\00. Player\00. Parts\08. Helmet</Filter>
    </ClInclude>
    <ClInclude Include="..\Public\SkyrimHelmet.h">
      <Filter>02. GameObject\01. GamePlay\02. EquipObject\01. Armor\02. Helmet</Filter>
    </ClInclude>
    <ClInclude Include="..\Public\Helmet_Glass.h">
      <Filter>02. GameObject\01. GamePlay\02. EquipObject\01. Armor\02. Helmet\00. Glass</Filter>
    </ClInclude>
    <ClInclude Include="..\Public\Falmer_UnEquip.h">
      <Filter>02. GameObject\01. GamePlay\01. ActorObject\01. Monster\02. Falmer_UnEquip</Filter>
    </ClInclude>
    <ClInclude Include="..\Public\StateManager_FalmerUE.h">
      <Filter>03. State\02. Falmer_UnEquip\00. Manager</Filter>
    </ClInclude>
    <ClInclude Include="..\Public\State_FalmerUE.h">
      <Filter>03. State\02. Falmer_UnEquip</Filter>
    </ClInclude>
    <ClInclude Include="..\Public\StateFalmerUE_Chase.h">
      <Filter>03. State\02. Falmer_UnEquip\01. State\01. Chase</Filter>
    </ClInclude>
    <ClInclude Include="..\Public\StateFalmerUE_Squat.h">
      <Filter>03. State\02. Falmer_UnEquip\01. State\00. Idle\00. Squat</Filter>
    </ClInclude>
    <ClInclude Include="..\Public\StateFalmerUE_SquatOutro.h">
      <Filter>03. State\02. Falmer_UnEquip\01. State\00. Idle\01. Squat_Out</Filter>
    </ClInclude>
    <ClInclude Include="..\Public\StateFalmerUE_Warning.h">
      <Filter>03. State\02. Falmer_UnEquip\01. State\03. Warning</Filter>
    </ClInclude>
    <ClInclude Include="..\Public\StateFalmerUE_SquatIntro.h">
      <Filter>03. State\02. Falmer_UnEquip\01. State\00. Idle\02. Squat_Intro</Filter>
    </ClInclude>
    <ClInclude Include="..\Public\StateFalmerUE_Detection.h">
      <Filter>03. State\02. Falmer_UnEquip\01. State\02. Detection</Filter>
    </ClInclude>
    <ClInclude Include="..\Public\StateFalmerUE_Return.h">
      <Filter>03. State\02. Falmer_UnEquip\01. State\04. Return</Filter>
    </ClInclude>
    <ClInclude Include="..\Public\StateFalmerUE_RunAtk.h">
      <Filter>03. State\02. Falmer_UnEquip\01. State\05. Attack</Filter>
    </ClInclude>
  </ItemGroup>
  <ItemGroup>
    <Image Include="Client.ico">
      <Filter>98. Default</Filter>
    </Image>
    <Image Include="small.ico">
      <Filter>98. Default</Filter>
    </Image>
  </ItemGroup>
  <ItemGroup>
    <ClCompile Include="Client.cpp">
      <Filter>98. Default</Filter>
    </ClCompile>
    <ClCompile Include="..\Private\MainApp.cpp">
      <Filter>00. MainApp</Filter>
    </ClCompile>
    <ClCompile Include="..\Private\Loader.cpp">
      <Filter>01. Level\99. Loading\Loader</Filter>
    </ClCompile>
    <ClCompile Include="..\Private\Level_Logo.cpp">
      <Filter>01. Level\01. Logo</Filter>
    </ClCompile>
    <ClCompile Include="..\Private\Level_Loading.cpp">
      <Filter>01. Level\99. Loading</Filter>
    </ClCompile>
    <ClCompile Include="..\Private\BackGround.cpp">
      <Filter>02. GameObject\00. Logo\99. BackGround</Filter>
    </ClCompile>
    <ClCompile Include="..\Private\IMGui_Manager.cpp">
      <Filter>96. IMGUI\Manager</Filter>
    </ClCompile>
    <ClCompile Include="..\IMGUI\imgui.cpp">
      <Filter>96. IMGUI\Default</Filter>
    </ClCompile>
    <ClCompile Include="..\IMGUI\imgui_demo.cpp">
      <Filter>96. IMGUI\Default</Filter>
    </ClCompile>
    <ClCompile Include="..\IMGUI\imgui_draw.cpp">
      <Filter>96. IMGUI\Default</Filter>
    </ClCompile>
    <ClCompile Include="..\IMGUI\imgui_impl_dx11.cpp">
      <Filter>96. IMGUI\Default</Filter>
    </ClCompile>
    <ClCompile Include="..\IMGUI\imgui_impl_win32.cpp">
      <Filter>96. IMGUI\Default</Filter>
    </ClCompile>
    <ClCompile Include="..\IMGUI\imgui_tables.cpp">
      <Filter>96. IMGUI\Default</Filter>
    </ClCompile>
    <ClCompile Include="..\IMGUI\imgui_widgets.cpp">
      <Filter>96. IMGUI\Default</Filter>
    </ClCompile>
    <ClCompile Include="..\Private\Terrain.cpp">
      <Filter>02. GameObject\01. GamePlay\99. BasicObject\01. Terrain</Filter>
    </ClCompile>
    <ClCompile Include="..\Private\CLevel_Tool.cpp">
      <Filter>01. Level\98. Tool</Filter>
    </ClCompile>
    <ClCompile Include="..\Private\ImGui_Base.cpp">
      <Filter>96. IMGUI\Base</Filter>
    </ClCompile>
    <ClCompile Include="..\Private\ImGui_Tool.cpp">
      <Filter>96. IMGUI\00. ImGui_Tool</Filter>
    </ClCompile>
    <ClCompile Include="..\Private\ImGui_GamePlay.cpp">
      <Filter>96. IMGUI\01. ImGui_GamePlay</Filter>
    </ClCompile>
    <ClCompile Include="..\Private\Terrain_Grid.cpp">
      <Filter>02. GameObject\99. Tool\00. Terrain</Filter>
    </ClCompile>
    <ClCompile Include="..\Private\Tool_Camera.cpp">
      <Filter>02. GameObject\99. Tool\99. Camera</Filter>
    </ClCompile>
    <ClCompile Include="..\Private\Player.cpp">
      <Filter>02. GameObject\01. GamePlay\01. ActorObject\00. Player</Filter>
    </ClCompile>
    <ClCompile Include="..\Private\SkyrimTerrain.cpp">
      <Filter>02. GameObject\01. GamePlay\03. PlaceableObject\03. SkyrimTerrain</Filter>
    </ClCompile>
    <ClCompile Include="..\Private\Building.cpp">
      <Filter>02. GameObject\01. GamePlay\03. PlaceableObject\04. Building</Filter>
    </ClCompile>
    <ClCompile Include="..\Private\StoneWork.cpp">
      <Filter>02. GameObject\01. GamePlay\03. PlaceableObject\05. StoneWork</Filter>
    </ClCompile>
    <ClCompile Include="..\Private\Level_Zero.cpp">
      <Filter>01. Level\00. Zero</Filter>
    </ClCompile>
    <ClCompile Include="..\Private\Player_Hair.cpp">
      <Filter>02. GameObject\01. GamePlay\01. ActorObject\00. Player\00. Parts\01. Hair</Filter>
    </ClCompile>
    <ClCompile Include="..\Private\Player_Body.cpp">
      <Filter>02. GameObject\01. GamePlay\01. ActorObject\00. Player\00. Parts\00. Body</Filter>
    </ClCompile>
    <ClCompile Include="..\Private\Weapon_IronSword.cpp">
      <Filter>02. GameObject\01. GamePlay\02. EquipObject\00. Weapon\00. 1Hand</Filter>
    </ClCompile>
    <ClCompile Include="..\Private\Part_Base.cpp">
      <Filter>02. GameObject\01. GamePlay\01. ActorObject\00. Player\00. Parts</Filter>
    </ClCompile>
    <ClCompile Include="..\Private\StateManager_Player.cpp">
      <Filter>03. State\00. Player\00. Manager</Filter>
    </ClCompile>
    <ClCompile Include="..\Private\StatePlayer_RunBackward.cpp">
      <Filter>03. State\00. Player\01. State\00. UnEquip\02. Run\03. Back</Filter>
    </ClCompile>
    <ClCompile Include="..\Private\StatePlayerOH_LAttack.cpp">
      <Filter>03. State\00. Player\01. State\01. OneHand\03. Attack\00. LeftAttack</Filter>
    </ClCompile>
    <ClCompile Include="..\Private\StatePlayerOH_PAttack.cpp">
      <Filter>03. State\00. Player\01. State\01. OneHand\03. Attack\02. PowerAttack</Filter>
    </ClCompile>
    <ClCompile Include="..\Private\StatePlayerOH_RAttack.cpp">
      <Filter>03. State\00. Player\01. State\01. OneHand\03. Attack\01. RightAttack</Filter>
    </ClCompile>
    <ClCompile Include="..\Private\StatePlayerOH_RunPAttack.cpp">
      <Filter>03. State\00. Player\01. State\01. OneHand\03. Attack\03. RunPowerAttack</Filter>
    </ClCompile>
    <ClCompile Include="..\Private\PlayerCamera_Free.cpp">
      <Filter>02. GameObject\01. GamePlay\99. BasicObject\99. Camera\00. FreeCam</Filter>
    </ClCompile>
    <ClCompile Include="..\Private\Sky.cpp">
      <Filter>02. GameObject\01. GamePlay\99. BasicObject\02. Sky</Filter>
    </ClCompile>
    <ClCompile Include="..\Private\Navigation_Client.cpp">
      <Filter>02. GameObject\01. GamePlay\99. BasicObject\03. Navigation</Filter>
    </ClCompile>
    <ClCompile Include="..\Private\ParticleRect.cpp">
      <Filter>02. GameObject\01. GamePlay\04. ParticleObject\00. Rect</Filter>
    </ClCompile>
    <ClCompile Include="..\Private\Level_WhiteRun.cpp">
      <Filter>01. Level\02. GamePlay\00. WhiteRun</Filter>
    </ClCompile>
    <ClCompile Include="..\Private\Level_Dungeon.cpp">
      <Filter>01. Level\02. GamePlay\02. Dungeon</Filter>
    </ClCompile>
    <ClCompile Include="..\Private\Monster.cpp">
      <Filter>02. GameObject\01. GamePlay\01. ActorObject\01. Monster</Filter>
    </ClCompile>
    <ClCompile Include="..\Private\Skeever.cpp">
      <Filter>02. GameObject\01. GamePlay\01. ActorObject\01. Monster\00. Skeever</Filter>
    </ClCompile>
    <ClCompile Include="..\Private\StateManager_Skeever.cpp">
      <Filter>03. State\01. Skeever\00. Manager</Filter>
    </ClCompile>
    <ClCompile Include="..\Private\StateSkeever_Idle.cpp">
      <Filter>03. State\01. Skeever\01. State\00. Idle</Filter>
    </ClCompile>
    <ClCompile Include="..\Private\StatePlayer_Idle.cpp">
      <Filter>03. State\00. Player\01. State\00. UnEquip\00. Idle</Filter>
    </ClCompile>
    <ClCompile Include="..\Private\StatePlayer_RunFoward.cpp">
      <Filter>03. State\00. Player\01. State\00. UnEquip\02. Run\00. Foward</Filter>
    </ClCompile>
    <ClCompile Include="..\Private\StatePlayer_RunLeft.cpp">
      <Filter>03. State\00. Player\01. State\00. UnEquip\02. Run\01. Left</Filter>
    </ClCompile>
    <ClCompile Include="..\Private\StatePlayer_RunRight.cpp">
      <Filter>03. State\00. Player\01. State\00. UnEquip\02. Run\02. Right</Filter>
    </ClCompile>
    <ClCompile Include="..\Private\Player_Weapon.cpp">
      <Filter>02. GameObject\01. GamePlay\01. ActorObject\00. Player\00. Parts\05. Weapon</Filter>
    </ClCompile>
    <ClCompile Include="..\Private\SkyrimWeapon.cpp">
      <Filter>02. GameObject\01. GamePlay\02. EquipObject\00. Weapon</Filter>
    </ClCompile>
    <ClCompile Include="..\Private\Inventory.cpp">
      <Filter>04. UI\05. Inventory</Filter>
    </ClCompile>
    <ClCompile Include="..\Private\SkyrimUI.cpp">
      <Filter>04. UI</Filter>
    </ClCompile>
    <ClCompile Include="..\Private\StatePlayerOH_UnEquip.cpp">
      <Filter>03. State\00. Player\01. State\01. OneHand\04. Equip</Filter>
    </ClCompile>
    <ClCompile Include="..\Private\StatePlayerOH_Equip.cpp">
      <Filter>03. State\00. Player\01. State\01. OneHand\04. Equip</Filter>
    </ClCompile>
    <ClCompile Include="..\Private\StatePlayerOH_Idle.cpp">
      <Filter>03. State\00. Player\01. State\01. OneHand\00. Idle</Filter>
    </ClCompile>
    <ClCompile Include="..\Private\StatePlayerOH_RunBackward.cpp">
      <Filter>03. State\00. Player\01. State\01. OneHand\02. Run\03. Back</Filter>
    </ClCompile>
    <ClCompile Include="..\Private\StatePlayerOH_RunFoward.cpp">
      <Filter>03. State\00. Player\01. State\01. OneHand\02. Run\00. Foward</Filter>
    </ClCompile>
    <ClCompile Include="..\Private\StatePlayerOH_RunLeft.cpp">
      <Filter>03. State\00. Player\01. State\01. OneHand\02. Run\01. Left</Filter>
    </ClCompile>
    <ClCompile Include="..\Private\StatePlayerOH_RunRight.cpp">
      <Filter>03. State\00. Player\01. State\01. OneHand\02. Run\02. Right</Filter>
    </ClCompile>
    <ClCompile Include="..\Private\Player_Armor.cpp">
      <Filter>02. GameObject\01. GamePlay\01. ActorObject\00. Player\00. Parts\06. Armor</Filter>
    </ClCompile>
    <ClCompile Include="..\Private\Armor_Glass.cpp">
      <Filter>02. GameObject\01. GamePlay\02. EquipObject\01. Armor\00. Armor\00. Glass</Filter>
    </ClCompile>
    <ClCompile Include="..\Private\SkyrimArmor.cpp">
      <Filter>02. GameObject\01. GamePlay\02. EquipObject\01. Armor\00. Armor</Filter>
    </ClCompile>
    <ClCompile Include="..\Private\Player_Helmet.cpp">
      <Filter>02. GameObject\01. GamePlay\01. ActorObject\00. Player\00. Parts\08. Helmet</Filter>
    </ClCompile>
    <ClCompile Include="..\Private\SkyrimHelmet.cpp">
      <Filter>02. GameObject\01. GamePlay\02. EquipObject\01. Armor\02. Helmet</Filter>
    </ClCompile>
    <ClCompile Include="..\Private\Helmet_Glass.cpp">
      <Filter>02. GameObject\01. GamePlay\02. EquipObject\01. Armor\02. Helmet\00. Glass</Filter>
    </ClCompile>
    <ClCompile Include="..\Private\Falmer_UnEquip.cpp">
      <Filter>02. GameObject\01. GamePlay\01. ActorObject\01. Monster\02. Falmer_UnEquip</Filter>
    </ClCompile>
    <ClCompile Include="..\Private\StateManager_FalmerUE.cpp">
      <Filter>03. State\02. Falmer_UnEquip\00. Manager</Filter>
    </ClCompile>
    <ClCompile Include="..\Private\State_FalmerUE.cpp">
      <Filter>03. State\02. Falmer_UnEquip</Filter>
    </ClCompile>
    <ClCompile Include="..\Private\StateFalmerUE_Chase.cpp">
      <Filter>03. State\02. Falmer_UnEquip\01. State\01. Chase</Filter>
    </ClCompile>
    <ClCompile Include="..\Private\StateFalmerUE_Squat.cpp">
      <Filter>03. State\02. Falmer_UnEquip\01. State\00. Idle\00. Squat</Filter>
    </ClCompile>
    <ClCompile Include="..\Private\StateFalmerUE_SquatOutro.cpp">
      <Filter>03. State\02. Falmer_UnEquip\01. State\00. Idle\01. Squat_Out</Filter>
    </ClCompile>
    <ClCompile Include="..\Private\StateFalmerUE_Warning.cpp">
      <Filter>03. State\02. Falmer_UnEquip\01. State\03. Warning</Filter>
    </ClCompile>
    <ClCompile Include="..\Private\StateFalmerUE_SquatIntro.cpp">
      <Filter>03. State\02. Falmer_UnEquip\01. State\00. Idle\02. Squat_Intro</Filter>
    </ClCompile>
    <ClCompile Include="..\Private\StateFalmerUE_Detection.cpp">
      <Filter>03. State\02. Falmer_UnEquip\01. State\02. Detection</Filter>
    </ClCompile>
    <ClCompile Include="..\Private\StateFalmerUE_Return.cpp">
      <Filter>03. State\02. Falmer_UnEquip\01. State\04. Return</Filter>
    </ClCompile>
    <ClCompile Include="..\Private\StateFalmerUE_RunAtk.cpp">
      <Filter>03. State\02. Falmer_UnEquip\01. State\05. Attack</Filter>
    </ClCompile>
  </ItemGroup>
  <ItemGroup>
    <ResourceCompile Include="Client.rc">
      <Filter>98. Default</Filter>
    </ResourceCompile>
  </ItemGroup>
  <ItemGroup>
    <FxCompile Include="..\Bin\ShaderFile\Shader_VtxNorTex.hlsl">
      <Filter>97. ShaderFile</Filter>
    </FxCompile>
    <FxCompile Include="..\Bin\ShaderFile\Shader_VtxPosTex.hlsl">
      <Filter>97. ShaderFile</Filter>
    </FxCompile>
    <FxCompile Include="..\Bin\ShaderFile\Shader_VtxPosCol.hlsl">
      <Filter>97. ShaderFile</Filter>
    </FxCompile>
    <FxCompile Include="..\Bin\ShaderFile\Shader_VtxNonAnimMesh.hlsl">
      <Filter>97. ShaderFile</Filter>
    </FxCompile>
    <FxCompile Include="..\Bin\ShaderFile\Shader_VtxAnimMesh.hlsl">
      <Filter>97. ShaderFile</Filter>
    </FxCompile>
    <FxCompile Include="..\Bin\ShaderFile\Shader_VtxCube.hlsl">
      <Filter>97. ShaderFile</Filter>
    </FxCompile>
    <FxCompile Include="..\Bin\ShaderFile\Shader_Rect_Instance.hlsl">
      <Filter>97. ShaderFile</Filter>
    </FxCompile>
  </ItemGroup>
</Project>